
Microsoft Visual Studio Solution File, Format Version 12.00
# Visual Studio Version 16
VisualStudioVersion = 16.0.30204.135
MinimumVisualStudioVersion = 10.0.40219.1
Project("{FAE04EC0-301F-11D3-BF4B-00C04F79EFBC}") = "ChinookApp", "ChinookApp\ChinookApp.csproj", "{AA5D964F-2047-48E1-8C8C-628E72F8BEFB}"
EndProject
Global
	GlobalSection(SolutionConfigurationPlatforms) = preSolution
		Debug|Any CPU = Debug|Any CPU
		Release|Any CPU = Release|Any CPU
	EndGlobalSection
	GlobalSection(ProjectConfigurationPlatforms) = postSolution
		{AA5D964F-2047-48E1-8C8C-628E72F8BEFB}.Debug|Any CPU.ActiveCfg = Debug|Any CPU
		{AA5D964F-2047-48E1-8C8C-628E72F8BEFB}.Debug|Any CPU.Build.0 = Debug|Any CPU
		{AA5D964F-2047-48E1-8C8C-628E72F8BEFB}.Release|Any CPU.ActiveCfg = Release|Any CPU
		{AA5D964F-2047-48E1-8C8C-628E72F8BEFB}.Release|Any CPU.Build.0 = Release|Any CPU
	EndGlobalSection
	GlobalSection(SolutionProperties) = preSolution
		HideSolutionNode = FALSE
	EndGlobalSection
	GlobalSection(ExtensibilityGlobals) = postSolution
		SolutionGuid = {1D900DCD-8672-439B-BCF2-9608992BF448}
	EndGlobalSection
EndGlobal
